<?xml version="1.0" encoding="utf-8"?>
<Project ToolsVersion="4.0" xmlns="http://schemas.microsoft.com/developer/msbuild/2003">
  <ItemGroup>
    <Filter Include="Classes">
      <UniqueIdentifier>{f8a0eec7-2d5c-41f5-81ce-64b10bc56a8a}</UniqueIdentifier>
    </Filter>
    <Filter Include="Libraries">
      <UniqueIdentifier>{b6161436-ce56-4b5f-a100-942b53e77b19}</UniqueIdentifier>
    </Filter>
    <Filter Include="Libraries\imgui">
      <UniqueIdentifier>{e1aa1a51-4b93-4f5c-8978-cfd6be51cdac}</UniqueIdentifier>
    </Filter>
  </ItemGroup>
  <ItemGroup>
    <ClInclude Include="classes\loader.hpp">
      <Filter>Classes</Filter>
    </ClInclude>
    <ClInclude Include="classes\vec3.hpp">
      <Filter>Classes</Filter>
    </ClInclude>
    <ClInclude Include="classes\window.hpp">
      <Filter>Classes</Filter>
    </ClInclude>
    <ClInclude Include="libraries\json.hpp">
      <Filter>Libraries</Filter>
    </ClInclude>
    <ClInclude Include="libraries\stb_image.h">
      <Filter>Libraries</Filter>
    </ClInclude>
    <ClInclude Include="libraries\stb_image_write.h">
      <Filter>Libraries</Filter>
    </ClInclude>
    <ClInclude Include="libraries\tiny_gltf.h">
      <Filter>Libraries</Filter>
    </ClInclude>
    <ClInclude Include="libraries\imgui\imconfig.h">
      <Filter>Libraries\imgui</Filter>
    </ClInclude>
    <ClInclude Include="libraries\imgui\imgui.h">
      <Filter>Libraries\imgui</Filter>
    </ClInclude>
    <ClInclude Include="libraries\imgui\imgui_impl_sdl.h">
      <Filter>Libraries\imgui</Filter>
    </ClInclude>
    <ClInclude Include="libraries\imgui\imgui_impl_sdlrenderer.h">
      <Filter>Libraries\imgui</Filter>
    </ClInclude>
    <ClInclude Include="libraries\imgui\imgui_internal.h">
      <Filter>Libraries\imgui</Filter>
    </ClInclude>
    <ClInclude Include="libraries\imgui\imstb_rectpack.h">
      <Filter>Libraries\imgui</Filter>
    </ClInclude>
    <ClInclude Include="libraries\imgui\imstb_textedit.h">
      <Filter>Libraries\imgui</Filter>
    </ClInclude>
    <ClInclude Include="libraries\imgui\imstb_truetype.h">
      <Filter>Libraries\imgui</Filter>
    </ClInclude>
    <ClInclude Include="classes\tri.hpp">
      <Filter>Classes</Filter>
    </ClInclude>
    <ClInclude Include="classes\gui.hpp" />
    <ClInclude Include="classes\config.hpp" />
    <ClInclude Include="classes\tracekernel.hpp" />
    <ClInclude Include="classes\bvhtree.hpp" />
    <ClInclude Include="classes\camera.hpp" />
    <ClInclude Include="classes\ray.hpp" />
    <ClInclude Include="classes\world.hpp" />
    <ClInclude Include="classes\program.hpp" />
  </ItemGroup>
  <ItemGroup>
    <CudaCompile Include="main.cu" />
  </ItemGroup>
  <ItemGroup>
    <ClCompile Include="libraries\imgui\imgui.cpp">
      <Filter>Libraries\imgui</Filter>
    </ClCompile>
    <ClCompile Include="libraries\imgui\imgui_demo.cpp">
      <Filter>Libraries\imgui</Filter>
    </ClCompile>
    <ClCompile Include="libraries\imgui\imgui_draw.cpp">
      <Filter>Libraries\imgui</Filter>
    </ClCompile>
    <ClCompile Include="libraries\imgui\imgui_impl_sdl.cpp">
      <Filter>Libraries\imgui</Filter>
    </ClCompile>
    <ClCompile Include="libraries\imgui\imgui_impl_sdlrenderer.cpp">
      <Filter>Libraries\imgui</Filter>
    </ClCompile>
    <ClCompile Include="libraries\imgui\imgui_tables.cpp">
      <Filter>Libraries\imgui</Filter>
    </ClCompile>
    <ClCompile Include="libraries\imgui\imgui_widgets.cpp">
      <Filter>Libraries\imgui</Filter>
    </ClCompile>
  </ItemGroup>
</Project>